<?xml version="1.0" encoding="UTF-8" standalone="yes" ?>
<CodeBlocks_project_file>
	<FileVersion major="1" minor="6" />
	<Project>
		<Option title="Vacuum" />
		<Option pch_mode="2" />
		<Option compiler="sdcc" />
		<Build>
			<Target title="Debug">
				<Option output="bin/Debug/Vacuum" prefix_auto="1" extension_auto="1" />
				<Option object_output="obj/Debug/" />
				<Option type="1" />
				<Option compiler="sdcc" />
				<Compiler>
					<Add option="--debug" />
				</Compiler>
			</Target>
			<Target title="Release">
				<Option output="bin/Release/Vacuum" prefix_auto="1" extension_auto="1" />
				<Option object_output="obj/Release/" />
				<Option type="1" />
				<Option compiler="sdcc" />
				<Compiler>
					<Add option="--opt-code-size" />
				</Compiler>
			</Target>
		</Build>
		<Unit filename="Display.c">
			<Option compilerVar="CC" />
		</Unit>
		<Unit filename="Display.h" />
		<Unit filename="Led.c">
			<Option compilerVar="CC" />
		</Unit>
		<Unit filename="Led.h" />
		<Unit filename="Main.h" />
		<Unit filename="Motor.c">
			<Option compilerVar="CC" />
		</Unit>
		<Unit filename="Motor.h" />
		<Unit filename="Port.h" />
		<Unit filename="SSD.c">
			<Option compilerVar="CC" />
		</Unit>
		<Unit filename="SSD.h" />
		<Unit filename="SW.c">
			<Option compilerVar="CC" />
		</Unit>
		<Unit filename="SW.h" />
		<Unit filename="Timer.c">
			<Option compilerVar="CC" />
		</Unit>
		<Unit filename="Timer.h" />
		<Unit filename="Timer_delay.c">
			<Option compilerVar="CC" />
		</Unit>
		<Unit filename="Timer_delay.h" />
		<Unit filename="Util.c">
			<Option compilerVar="CC" />
		</Unit>
		<Unit filename="Util.h" />
		<Unit filename="VC.c">
			<Option compilerVar="CC" />
		</Unit>
		<Unit filename="VC.h" />
		<Unit filename="main.c">
			<Option compilerVar="CC" />
		</Unit>
		<Extensions>
			<code_completion />
			<envvars />
			<debugger />
		</Extensions>
	</Project>
</CodeBlocks_project_file>
